hash: 15c1083dc062f94e8a0ce50a2faf8db76b01c00ab9d5440a50a91b6a241477d4
updated: 2016-07-16T15:11:15.973376592-04:00
imports:
- name: github.com/gorilla/context
  version: aed02d124ae4a0e94fea4541c8effd05bf0c8296
- name: github.com/gorilla/mux
  version: 9fa818a44c2bf1396a17f9d5a3c0f6dd39d2ff8e
devImports: []
